
Microsoft Visual Studio Solution File, Format Version 12.00
# Visual Studio Version 16
VisualStudioVersion = 16.0.29613.14
MinimumVisualStudioVersion = 10.0.40219.1
Project("{9A19103F-16F7-4668-BE54-9A1E7A4F7556}") = "CorporateWebsite", "CorporateWebsite.csproj", "{5F64D301-38B4-4367-921A-7AEDB35EB04D}"
EndProject
Global
	GlobalSection(SolutionConfigurationPlatforms) = preSolution
		Debug|Any CPU = Debug|Any CPU
		Release|Any CPU = Release|Any CPU
	EndGlobalSection
	GlobalSection(ProjectConfigurationPlatforms) = postSolution
		{5F64D301-38B4-4367-921A-7AEDB35EB04D}.Debug|Any CPU.ActiveCfg = Debug|Any CPU
		{5F64D301-38B4-4367-921A-7AEDB35EB04D}.Debug|Any CPU.Build.0 = Debug|Any CPU
		{5F64D301-38B4-4367-921A-7AEDB35EB04D}.Release|Any CPU.ActiveCfg = Release|Any CPU
		{5F64D301-38B4-4367-921A-7AEDB35EB04D}.Release|Any CPU.Build.0 = Release|Any CPU
	EndGlobalSection
	GlobalSection(SolutionProperties) = preSolution
		HideSolutionNode = FALSE
	EndGlobalSection
	GlobalSection(ExtensibilityGlobals) = postSolution
		SolutionGuid = {04E7D896-6E8C-4E7B-94BC-96809A039E47}
	EndGlobalSection
EndGlobal
